
Microsoft Visual Studio Solution File, Format Version 10.00
# Visual Studio 2008
Project("{FAE04EC0-301F-11D3-BF4B-00C04F79EFBC}") = "NerdDinner", "NerdDinner\NerdDinner.csproj", "{AD03408F-B95D-4512-BA32-5D70037901D3}"
EndProject
Project("{FAE04EC0-301F-11D3-BF4B-00C04F79EFBC}") = "NerdDinner.Tests", "NerdDinner.Tests\NerdDinner.Tests.csproj", "{DDEEB1D1-6ABC-4D55-A15E-D6EC22DE0B0E}"
EndProject
Global
	GlobalSection(SolutionConfigurationPlatforms) = preSolution
		Debug|Any CPU = Debug|Any CPU
		Release|Any CPU = Release|Any CPU
	EndGlobalSection
	GlobalSection(ProjectConfigurationPlatforms) = postSolution
		{AD03408F-B95D-4512-BA32-5D70037901D3}.Debug|Any CPU.ActiveCfg = Debug|Any CPU
		{AD03408F-B95D-4512-BA32-5D70037901D3}.Debug|Any CPU.Build.0 = Debug|Any CPU
		{AD03408F-B95D-4512-BA32-5D70037901D3}.Release|Any CPU.ActiveCfg = Release|Any CPU
		{AD03408F-B95D-4512-BA32-5D70037901D3}.Release|Any CPU.Build.0 = Release|Any CPU
		{DDEEB1D1-6ABC-4D55-A15E-D6EC22DE0B0E}.Debug|Any CPU.ActiveCfg = Debug|Any CPU
		{DDEEB1D1-6ABC-4D55-A15E-D6EC22DE0B0E}.Debug|Any CPU.Build.0 = Debug|Any CPU
		{DDEEB1D1-6ABC-4D55-A15E-D6EC22DE0B0E}.Release|Any CPU.ActiveCfg = Release|Any CPU
		{DDEEB1D1-6ABC-4D55-A15E-D6EC22DE0B0E}.Release|Any CPU.Build.0 = Release|Any CPU
	EndGlobalSection
	GlobalSection(SolutionProperties) = preSolution
		HideSolutionNode = FALSE
	EndGlobalSection
EndGlobal
